{
  "name": "electron-react-boilerplate",
  "version": "1.3.1",
  "lockfileVersion": 1,
  "requires": true,
  "dependencies": {
    "@types/core-js": {
      "version": "2.5.4",
      "resolved": "https://registry.npmjs.org/@types/core-js/-/core-js-2.5.4.tgz",
      "integrity": "sha512-Xwy8o12ak+iYgFr/KCVaVK5Sy+jFMiiPAID3+ObvMlBzy26XQJw5xu+a6rlHsrJENXj/AwJOGsJpVohUjAzSKQ==",
      "dev": true
    },
    "@types/electron-devtools-installer": {
      "version": "2.2.0",
      "resolved": "https://registry.npmjs.org/@types/electron-devtools-installer/-/electron-devtools-installer-2.2.0.tgz",
      "integrity": "sha512-HJNxpaOXuykCK4rQ6FOMxAA0NLFYsf7FiPFGmab0iQmtVBHSAfxzy3MRFpLTTDDWbV0yD2YsHOQvdu8yCqtCfw==",
      "dev": true
    }
  }
}
